Microsoft Visual Studio Solution File, Format Version 12.00
# Visual Studio Version 17
VisualStudioVersion = 17.5.2.0
MinimumVisualStudioVersion = 10.0.40219.1
Project("{2150E333-8FDC-42A3-9474-1A3956D46DE8}") = "tools", "tools", "{07C2787E-EAC7-C090-1BA3-A61EC2A24D84}"
EndProject
Project("{2150E333-8FDC-42A3-9474-1A3956D46DE8}") = "adisyum-pos-agent", "adisyum-pos-agent", "{2287DBBE-E84C-1104-44DA-49C514DCCE87}"
EndProject
Project("{FAE04EC0-301F-11D3-BF4B-00C04F79EFBC}") = "AdisyumPosAgent", "tools\adisyum-pos-agent\AdisyumPosAgent.csproj", "{706D2FED-43B5-DFED-AD99-403FE4B05B5D}"
EndProject
Project("{2150E333-8FDC-42A3-9474-1A3956D46DE8}") = "agent-installer", "agent-installer", "{6DF68436-6AD5-5324-F89F-88F7BD2D9A66}"
EndProject
Project("{FAE04EC0-301F-11D3-BF4B-00C04F79EFBC}") = "AdisyumPosAgentInstaller", "tools\agent-installer\AdisyumPosAgentInstaller.csproj", "{38F4D917-4301-920C-14C0-736B6C8262C8}"
EndProject
Global
	GlobalSection(SolutionConfigurationPlatforms) = preSolution
		Debug|Any CPU = Debug|Any CPU
		Release|Any CPU = Release|Any CPU
	EndGlobalSection
	GlobalSection(ProjectConfigurationPlatforms) = postSolution
		{706D2FED-43B5-DFED-AD99-403FE4B05B5D}.Debug|Any CPU.ActiveCfg = Debug|Any CPU
		{706D2FED-43B5-DFED-AD99-403FE4B05B5D}.Debug|Any CPU.Build.0 = Debug|Any CPU
		{706D2FED-43B5-DFED-AD99-403FE4B05B5D}.Release|Any CPU.ActiveCfg = Release|Any CPU
		{706D2FED-43B5-DFED-AD99-403FE4B05B5D}.Release|Any CPU.Build.0 = Release|Any CPU
		{38F4D917-4301-920C-14C0-736B6C8262C8}.Debug|Any CPU.ActiveCfg = Debug|Any CPU
		{38F4D917-4301-920C-14C0-736B6C8262C8}.Debug|Any CPU.Build.0 = Debug|Any CPU
		{38F4D917-4301-920C-14C0-736B6C8262C8}.Release|Any CPU.ActiveCfg = Release|Any CPU
		{38F4D917-4301-920C-14C0-736B6C8262C8}.Release|Any CPU.Build.0 = Release|Any CPU
	EndGlobalSection
	GlobalSection(SolutionProperties) = preSolution
		HideSolutionNode = FALSE
	EndGlobalSection
	GlobalSection(NestedProjects) = preSolution
		{2287DBBE-E84C-1104-44DA-49C514DCCE87} = {07C2787E-EAC7-C090-1BA3-A61EC2A24D84}
		{706D2FED-43B5-DFED-AD99-403FE4B05B5D} = {2287DBBE-E84C-1104-44DA-49C514DCCE87}
		{6DF68436-6AD5-5324-F89F-88F7BD2D9A66} = {07C2787E-EAC7-C090-1BA3-A61EC2A24D84}
		{38F4D917-4301-920C-14C0-736B6C8262C8} = {6DF68436-6AD5-5324-F89F-88F7BD2D9A66}
	EndGlobalSection
	GlobalSection(ExtensibilityGlobals) = postSolution
		SolutionGuid = {7705D48D-27D1-45DE-8F01-518E8BF6C94B}
	EndGlobalSection
EndGlobal
